
Microsoft Visual Studio Solution File, Format Version 12.00
# Visual Studio 14
VisualStudioVersion = 14.0.25420.1
MinimumVisualStudioVersion = 10.0.40219.1
Project("{FAE04EC0-301F-11D3-BF4B-00C04F79EFBC}") = "Contrataciones", "Contrataciones\Contrataciones.csproj", "{E33EAF56-6C24-47F6-85C3-260367809C11}"
EndProject
Project("{FAE04EC0-301F-11D3-BF4B-00C04F79EFBC}") = "Contrataciones.Tests", "Contrataciones.Tests\Contrataciones.Tests.csproj", "{3DCE8CB9-B26A-4C68-A388-4C3513FD6649}"
EndProject
Global
	GlobalSection(SolutionConfigurationPlatforms) = preSolution
		Debug|Any CPU = Debug|Any CPU
		Release|Any CPU = Release|Any CPU
	EndGlobalSection
	GlobalSection(ProjectConfigurationPlatforms) = postSolution
		{E33EAF56-6C24-47F6-85C3-260367809C11}.Debug|Any CPU.ActiveCfg = Debug|Any CPU
		{E33EAF56-6C24-47F6-85C3-260367809C11}.Debug|Any CPU.Build.0 = Debug|Any CPU
		{E33EAF56-6C24-47F6-85C3-260367809C11}.Release|Any CPU.ActiveCfg = Release|Any CPU
		{E33EAF56-6C24-47F6-85C3-260367809C11}.Release|Any CPU.Build.0 = Release|Any CPU
		{3DCE8CB9-B26A-4C68-A388-4C3513FD6649}.Debug|Any CPU.ActiveCfg = Debug|Any CPU
		{3DCE8CB9-B26A-4C68-A388-4C3513FD6649}.Debug|Any CPU.Build.0 = Debug|Any CPU
		{3DCE8CB9-B26A-4C68-A388-4C3513FD6649}.Release|Any CPU.ActiveCfg = Release|Any CPU
		{3DCE8CB9-B26A-4C68-A388-4C3513FD6649}.Release|Any CPU.Build.0 = Release|Any CPU
	EndGlobalSection
	GlobalSection(SolutionProperties) = preSolution
		HideSolutionNode = FALSE
	EndGlobalSection
EndGlobal
